// !$*UTF8*$!
{
	archiveVersion = 1;
	classes = {
	};
	objectVersion = 46;
	objects = {

/* Begin PBXBuildFile section */
		0FA6C9961524C40A8B570F2A /* libPods.a in Frameworks */ = {isa = PBXBuildFile; fileRef = D5CC663FCBFA90A9EC45B2CA /* libPods.a */; };
		FF0A482F1B4E38FA0021B149 /* libc++.dylib in Frameworks */ = {isa = PBXBuildFile; fileRef = FF0A482E1B4E38FA0021B149 /* libc++.dylib */; };
		FF0A48321B4E3D870021B149 /* TabBarViewController.m in Sources */ = {isa = PBXBuildFile; fileRef = FF0A48311B4E3D870021B149 /* TabBarViewController.m */; };
		FF0A48381B4E3F560021B149 /* AbsThresholdViewController.m in Sources */ = {isa = PBXBuildFile; fileRef = FF0A48371B4E3F560021B149 /* AbsThresholdViewController.m */; };
		FF0A483F1B4E44A80021B149 /* AudiogramViewController.m in Sources */ = {isa = PBXBuildFile; fileRef = FF0A483E1B4E44A80021B149 /* AudiogramViewController.m */; };
		FF0A48421B4FB44E0021B149 /* AmplitudeMultiplier.m in Sources */ = {isa = PBXBuildFile; fileRef = FF0A48411B4FB44E0021B149 /* AmplitudeMultiplier.m */; };
		FF0A48451B4FB75B0021B149 /* HearingExamSoundMeter.m in Sources */ = {isa = PBXBuildFile; fileRef = FF0A48441B4FB75B0021B149 /* HearingExamSoundMeter.m */; };
		FF0A48491B4FEC7E0021B149 /* FrequencyThreshold.m in Sources */ = {isa = PBXBuildFile; fileRef = FF0A48481B4FEC7E0021B149 /* FrequencyThreshold.m */; };
		FF0A484C1B5031A10021B149 /* ExamPunchCard.m in Sources */ = {isa = PBXBuildFile; fileRef = FF0A484B1B5031A10021B149 /* ExamPunchCard.m */; };
		FF2619C81B661B770069907D /* BasicArrowDown.png in Resources */ = {isa = PBXBuildFile; fileRef = FF2619C71B661B770069907D /* BasicArrowDown.png */; };
		FF2619CB1B661FA30069907D /* DrawerButton.m in Sources */ = {isa = PBXBuildFile; fileRef = FF2619CA1B661FA30069907D /* DrawerButton.m */; };
		FF2619CD1B6767A50069907D /* AudiogramIcon.png in Resources */ = {isa = PBXBuildFile; fileRef = FF2619CC1B6767A50069907D /* AudiogramIcon.png */; };
		FF2619CF1B6768250069907D /* AudiogramIcon@2x.png in Resources */ = {isa = PBXBuildFile; fileRef = FF2619CE1B6768250069907D /* AudiogramIcon@2x.png */; };
		FF2619D21B676AA00069907D /* AdjustedSpeechIcon.png in Resources */ = {isa = PBXBuildFile; fileRef = FF2619D01B676AA00069907D /* AdjustedSpeechIcon.png */; };
		FF2619D31B676AA00069907D /* AdjustedSpeechIcon@2x.png in Resources */ = {isa = PBXBuildFile; fileRef = FF2619D11B676AA00069907D /* AdjustedSpeechIcon@2x.png */; };
		FF42B96D1B4E35AF00535A7B /* main.m in Sources */ = {isa = PBXBuildFile; fileRef = FF42B96C1B4E35AF00535A7B /* main.m */; };
		FF42B9701B4E35AF00535A7B /* AppDelegate.m in Sources */ = {isa = PBXBuildFile; fileRef = FF42B96F1B4E35AF00535A7B /* AppDelegate.m */; };
		FF42B9761B4E35AF00535A7B /* Main.storyboard in Resources */ = {isa = PBXBuildFile; fileRef = FF42B9741B4E35AF00535A7B /* Main.storyboard */; };
		FF42B9781B4E35AF00535A7B /* Images.xcassets in Resources */ = {isa = PBXBuildFile; fileRef = FF42B9771B4E35AF00535A7B /* Images.xcassets */; };
		FF42B97B1B4E35AF00535A7B /* LaunchScreen.xib in Resources */ = {isa = PBXBuildFile; fileRef = FF42B9791B4E35AF00535A7B /* LaunchScreen.xib */; };
		FF481DC61B5BB27900AF588B /* AudiogramView.m in Sources */ = {isa = PBXBuildFile; fileRef = FF481DC51B5BB27900AF588B /* AudiogramView.m */; };
		FF481DC91B5BB42C00AF588B /* LeftEar.png in Resources */ = {isa = PBXBuildFile; fileRef = FF481DC71B5BB42C00AF588B /* LeftEar.png */; };
		FF481DCA1B5BB42C00AF588B /* RightEar.png in Resources */ = {isa = PBXBuildFile; fileRef = FF481DC81B5BB42C00AF588B /* RightEar.png */; };
		FF481DCD1B5BB91300AF588B /* AudiogramMarkerView.m in Sources */ = {isa = PBXBuildFile; fileRef = FF481DCC1B5BB91300AF588B /* AudiogramMarkerView.m */; };
		FF69D66A1B624C13000BD808 /* DSPHelpers.m in Sources */ = {isa = PBXBuildFile; fileRef = FF69D6691B624C13000BD808 /* DSPHelpers.m */; };
		FF69D66D1B636376000BD808 /* AudioPlot.m in Sources */ = {isa = PBXBuildFile; fileRef = FF69D66C1B636376000BD808 /* AudioPlot.m */; };
		FF76043F1B53BEDE0024930C /* HearingWave.png in Resources */ = {isa = PBXBuildFile; fileRef = FF76043E1B53BEDE0024930C /* HearingWave.png */; };
		FF7604431B53C6D20024930C /* UIView+PopAnimations.m in Sources */ = {isa = PBXBuildFile; fileRef = FF7604421B53C6D20024930C /* UIView+PopAnimations.m */; };
		FF7DD90D1B63ACBE008006DD /* ToneEqualizer.m in Sources */ = {isa = PBXBuildFile; fileRef = FF7DD90C1B63ACBE008006DD /* ToneEqualizer.m */; };
		FF7DD9101B63ACD7008006DD /* SoundModifier.m in Sources */ = {isa = PBXBuildFile; fileRef = FF7DD90F1B63ACD7008006DD /* SoundModifier.m */; };
		FF7DD9131B63ADCB008006DD /* SoundModifiersFactory.m in Sources */ = {isa = PBXBuildFile; fileRef = FF7DD9121B63ADCB008006DD /* SoundModifiersFactory.m */; };
		FF7DD9161B63B549008006DD /* HearingLossSimulator.m in Sources */ = {isa = PBXBuildFile; fileRef = FF7DD9151B63B549008006DD /* HearingLossSimulator.m */; };
		FF84486E1B7F19EA00A06D6B /* TestCircle.png in Resources */ = {isa = PBXBuildFile; fileRef = FF84486D1B7F19EA00A06D6B /* TestCircle.png */; };
		FF8448731B7F220600A06D6B /* OpenSans-Light.ttf in Resources */ = {isa = PBXBuildFile; fileRef = FF8448711B7F1BD400A06D6B /* OpenSans-Light.ttf */; };
		FF8448741B7F220600A06D6B /* OpenSans-Regular.ttf in Resources */ = {isa = PBXBuildFile; fileRef = FF8448701B7F1BBE00A06D6B /* OpenSans-Regular.ttf */; };
		FF8448751B7F220600A06D6B /* OpenSans-Semibold.ttf in Resources */ = {isa = PBXBuildFile; fileRef = FF8448721B7F1C1300A06D6B /* OpenSans-Semibold.ttf */; };
		FF8448771B7F27AF00A06D6B /* CloseIcon.png in Resources */ = {isa = PBXBuildFile; fileRef = FF8448761B7F27AF00A06D6B /* CloseIcon.png */; };
		FF84487A1B7F28C400A06D6B /* RoundedButton.m in Sources */ = {isa = PBXBuildFile; fileRef = FF8448791B7F28C400A06D6B /* RoundedButton.m */; };
		FF84488B1B7FA42400A06D6B /* LeftArrow.png in Resources */ = {isa = PBXBuildFile; fileRef = FF8448891B7FA42400A06D6B /* LeftArrow.png */; };
		FF84488C1B7FA42400A06D6B /* RightArrow.png in Resources */ = {isa = PBXBuildFile; fileRef = FF84488A1B7FA42400A06D6B /* RightArrow.png */; };
		FF8448971B809F5D00A06D6B /* BaseButton.m in Sources */ = {isa = PBXBuildFile; fileRef = FF8448921B809F5D00A06D6B /* BaseButton.m */; };
		FF8448981B809F5D00A06D6B /* BaseLabel.m in Sources */ = {isa = PBXBuildFile; fileRef = FF8448941B809F5D00A06D6B /* BaseLabel.m */; };
		FF8448991B809F5D00A06D6B /* BaseTextView.m in Sources */ = {isa = PBXBuildFile; fileRef = FF8448961B809F5D00A06D6B /* BaseTextView.m */; };
		FF84489C1B80A69300A06D6B /* ViewConstants.mm in Sources */ = {isa = PBXBuildFile; fileRef = FF84489B1B80A69300A06D6B /* ViewConstants.mm */; };
		FF86FF631B60B18500C3E093 /* AudioPlayer.m in Sources */ = {isa = PBXBuildFile; fileRef = FF86FF621B60B18500C3E093 /* AudioPlayer.m */; };
		FF86FF671B60B3F100C3E093 /* PureTonePlayer.m in Sources */ = {isa = PBXBuildFile; fileRef = FF86FF661B60B3F100C3E093 /* PureTonePlayer.m */; };
		FF86FF6B1B60CE4A00C3E093 /* PureToneAudiometer.m in Sources */ = {isa = PBXBuildFile; fileRef = FF86FF6A1B60CE4A00C3E093 /* PureToneAudiometer.m */; };
		FF86FF711B60D75C00C3E093 /* FilePlayer.mm in Sources */ = {isa = PBXBuildFile; fileRef = FF86FF701B60D75C00C3E093 /* FilePlayer.mm */; };
		FF9DB4E41B53E097006E4D3F /* TestInstructionsViewController.m in Sources */ = {isa = PBXBuildFile; fileRef = FF9DB4E31B53E097006E4D3F /* TestInstructionsViewController.m */; };
		FF9DB4E61B53EE36006E4D3F /* Headphones.png in Resources */ = {isa = PBXBuildFile; fileRef = FF9DB4E51B53EE36006E4D3F /* Headphones.png */; };
		FF9DB4E91B540192006E4D3F /* CommonAnimations.m in Sources */ = {isa = PBXBuildFile; fileRef = FF9DB4E81B540192006E4D3F /* CommonAnimations.m */; };
		FF9DB4EC1B54FA8E006E4D3F /* AudioTypes.m in Sources */ = {isa = PBXBuildFile; fileRef = FF9DB4EB1B54FA8E006E4D3F /* AudioTypes.m */; };
		FF9DB5351B56360E006E4D3F /* AdjustedSpeechViewController.m in Sources */ = {isa = PBXBuildFile; fileRef = FF9DB5341B56360E006E4D3F /* AdjustedSpeechViewController.m */; };
		FF9DB5411B56887B006E4D3F /* AudioFiles in Resources */ = {isa = PBXBuildFile; fileRef = FF9DB5401B56887B006E4D3F /* AudioFiles */; };
		FF9DB5441B568918006E4D3F /* SoundFile.m in Sources */ = {isa = PBXBuildFile; fileRef = FF9DB5431B568918006E4D3F /* SoundFile.m */; };
		FF9DB5471B569A95006E4D3F /* Pause.png in Resources */ = {isa = PBXBuildFile; fileRef = FF9DB5451B569A95006E4D3F /* Pause.png */; };
		FF9DB5481B569A95006E4D3F /* Play.png in Resources */ = {isa = PBXBuildFile; fileRef = FF9DB5461B569A95006E4D3F /* Play.png */; };
		FF9DB54E1B569EAA006E4D3F /* BouncyButton.m in Sources */ = {isa = PBXBuildFile; fileRef = FF9DB54D1B569EAA006E4D3F /* BouncyButton.m */; };
		FF9DB5511B56A02D006E4D3F /* PlaybackButton.m in Sources */ = {isa = PBXBuildFile; fileRef = FF9DB5501B56A02D006E4D3F /* PlaybackButton.m */; };
		FFCE73741B52580700F52920 /* PunchCardTests.m in Sources */ = {isa = PBXBuildFile; fileRef = FFCE73731B52580700F52920 /* PunchCardTests.m */; };
		FFCE73781B525A5600F52920 /* AmplitudeMultiplierTests.m in Sources */ = {isa = PBXBuildFile; fileRef = FFCE73771B525A5600F52920 /* AmplitudeMultiplierTests.m */; };
		FFCE737B1B525D2C00F52920 /* TestsAppDelegate.m in Sources */ = {isa = PBXBuildFile; fileRef = FFCE737A1B525D2C00F52920 /* TestsAppDelegate.m */; };
		FFCE737C1B525D4400F52920 /* TestsAppDelegate.m in Sources */ = {isa = PBXBuildFile; fileRef = FFCE737A1B525D2C00F52920 /* TestsAppDelegate.m */; };
		FFCE737F1B525E3200F52920 /* ExamPunchCard.m in Sources */ = {isa = PBXBuildFile; fileRef = FF0A484B1B5031A10021B149 /* ExamPunchCard.m */; };
		FFCE73801B525E3800F52920 /* AmplitudeMultiplier.m in Sources */ = {isa = PBXBuildFile; fileRef = FF0A48411B4FB44E0021B149 /* AmplitudeMultiplier.m */; };
		FFCE73831B52AC6E00F52920 /* AudiogramData.m in Sources */ = {isa = PBXBuildFile; fileRef = FFCE73821B52AC6E00F52920 /* AudiogramData.m */; };
		FFCE73851B52BC1400F52920 /* AudiogramDataTests.m in Sources */ = {isa = PBXBuildFile; fileRef = FFCE73841B52BC1400F52920 /* AudiogramDataTests.m */; };
		FFCE73861B52BC1B00F52920 /* AudiogramData.m in Sources */ = {isa = PBXBuildFile; fileRef = FFCE73821B52AC6E00F52920 /* AudiogramData.m */; };
/* End PBXBuildFile section */

/* Begin PBXContainerItemProxy section */
		FF42B9811B4E35AF00535A7B /* PBXContainerItemProxy */ = {
			isa = PBXContainerItemProxy;
			containerPortal = FF42B95F1B4E35AF00535A7B /* Project object */;
			proxyType = 1;
			remoteGlobalIDString = FF42B9661B4E35AF00535A7B;
			remoteInfo = WaveAmp;
		};
/* End PBXContainerItemProxy section */

/* Begin PBXFileReference section */
		57F6D79C9BC447900DED991A /* Pods.debug.xcconfig */ = {isa = PBXFileReference; includeInIndex = 1; lastKnownFileType = text.xcconfig; name = Pods.debug.xcconfig; path = "Pods/Target Support Files/Pods/Pods.debug.xcconfig"; sourceTree = "<group>"; };
		D5CC663FCBFA90A9EC45B2CA /* libPods.a */ = {isa = PBXFileReference; explicitFileType = archive.ar; includeInIndex = 0; path = libPods.a; sourceTree = BUILT_PRODUCTS_DIR; };
		DC9F17805F845646925F68CD /* Pods.release.xcconfig */ = {isa = PBXFileReference; includeInIndex = 1; lastKnownFileType = text.xcconfig; name = Pods.release.xcconfig; path = "Pods/Target Support Files/Pods/Pods.release.xcconfig"; sourceTree = "<group>"; };
		FF0A482E1B4E38FA0021B149 /* libc++.dylib */ = {isa = PBXFileReference; lastKnownFileType = "compiled.mach-o.dylib"; name = "libc++.dylib"; path = "usr/lib/libc++.dylib"; sourceTree = SDKROOT; };
		FF0A48301B4E3D870021B149 /* TabBarViewController.h */ = {isa = PBXFileReference; fileEncoding = 4; lastKnownFileType = sourcecode.c.h; path = TabBarViewController.h; sourceTree = "<group>"; };
		FF0A48311B4E3D870021B149 /* TabBarViewController.m */ = {isa = PBXFileReference; fileEncoding = 4; lastKnownFileType = sourcecode.c.objc; path = TabBarViewController.m; sourceTree = "<group>"; };
		FF0A48361B4E3F560021B149 /* AbsThresholdViewController.h */ = {isa = PBXFileReference; fileEncoding = 4; lastKnownFileType = sourcecode.c.h; path = AbsThresholdViewController.h; sourceTree = "<group>"; };
		FF0A48371B4E3F560021B149 /* AbsThresholdViewController.m */ = {isa = PBXFileReference; fileEncoding = 4; lastKnownFileType = sourcecode.c.objc; path = AbsThresholdViewController.m; sourceTree = "<group>"; };
		FF0A483D1B4E44A80021B149 /* AudiogramViewController.h */ = {isa = PBXFileReference; fileEncoding = 4; lastKnownFileType = sourcecode.c.h; path = AudiogramViewController.h; sourceTree = "<group>"; };
		FF0A483E1B4E44A80021B149 /* AudiogramViewController.m */ = {isa = PBXFileReference; fileEncoding = 4; lastKnownFileType = sourcecode.c.objc; path = AudiogramViewController.m; sourceTree = "<group>"; };
		FF0A48401B4FB44E0021B149 /* AmplitudeMultiplier.h */ = {isa = PBXFileReference; fileEncoding = 4; lastKnownFileType = sourcecode.c.h; path = AmplitudeMultiplier.h; sourceTree = "<group>"; };
		FF0A48411B4FB44E0021B149 /* AmplitudeMultiplier.m */ = {isa = PBXFileReference; fileEncoding = 4; lastKnownFileType = sourcecode.c.objc; path = AmplitudeMultiplier.m; sourceTree = "<group>"; };
		FF0A48431B4FB75B0021B149 /* HearingExamSoundMeter.h */ = {isa = PBXFileReference; fileEncoding = 4; lastKnownFileType = sourcecode.c.h; path = HearingExamSoundMeter.h; sourceTree = "<group>"; };
		FF0A48441B4FB75B0021B149 /* HearingExamSoundMeter.m */ = {isa = PBXFileReference; fileEncoding = 4; lastKnownFileType = sourcecode.c.objc; path = HearingExamSoundMeter.m; sourceTree = "<group>"; };
		FF0A48471B4FEC7E0021B149 /* FrequencyThreshold.h */ = {isa = PBXFileReference; fileEncoding = 4; lastKnownFileType = sourcecode.c.h; path = FrequencyThreshold.h; sourceTree = "<group>"; };
		FF0A48481B4FEC7E0021B149 /* FrequencyThreshold.m */ = {isa = PBXFileReference; fileEncoding = 4; lastKnownFileType = sourcecode.c.objc; path = FrequencyThreshold.m; sourceTree = "<group>"; };
		FF0A484A1B5031A10021B149 /* ExamPunchCard.h */ = {isa = PBXFileReference; fileEncoding = 4; lastKnownFileType = sourcecode.c.h; path = ExamPunchCard.h; sourceTree = "<group>"; };
		FF0A484B1B5031A10021B149 /* ExamPunchCard.m */ = {isa = PBXFileReference; fileEncoding = 4; lastKnownFileType = sourcecode.c.objc; path = ExamPunchCard.m; sourceTree = "<group>"; };
		FF2619C71B661B770069907D /* BasicArrowDown.png */ = {isa = PBXFileReference; lastKnownFileType = image.png; path = BasicArrowDown.png; sourceTree = "<group>"; };
		FF2619C91B661FA30069907D /* DrawerButton.h */ = {isa = PBXFileReference; fileEncoding = 4; lastKnownFileType = sourcecode.c.h; path = DrawerButton.h; sourceTree = "<group>"; };
		FF2619CA1B661FA30069907D /* DrawerButton.m */ = {isa = PBXFileReference; fileEncoding = 4; lastKnownFileType = sourcecode.c.objc; path = DrawerButton.m; sourceTree = "<group>"; };
		FF2619CC1B6767A50069907D /* AudiogramIcon.png */ = {isa = PBXFileReference; lastKnownFileType = image.png; path = AudiogramIcon.png; sourceTree = "<group>"; };
		FF2619CE1B6768250069907D /* AudiogramIcon@2x.png */ = {isa = PBXFileReference; lastKnownFileType = image.png; path = "AudiogramIcon@2x.png"; sourceTree = "<group>"; };
		FF2619D01B676AA00069907D /* AdjustedSpeechIcon.png */ = {isa = PBXFileReference; lastKnownFileType = image.png; path = AdjustedSpeechIcon.png; sourceTree = "<group>"; };
		FF2619D11B676AA00069907D /* AdjustedSpeechIcon@2x.png */ = {isa = PBXFileReference; lastKnownFileType = image.png; path = "AdjustedSpeechIcon@2x.png"; sourceTree = "<group>"; };
		FF42B9671B4E35AF00535A7B /* WaveAmp.app */ = {isa = PBXFileReference; explicitFileType = wrapper.application; includeInIndex = 0; path = WaveAmp.app; sourceTree = BUILT_PRODUCTS_DIR; };
		FF42B96B1B4E35AF00535A7B /* Info.plist */ = {isa = PBXFileReference; lastKnownFileType = text.plist.xml; path = Info.plist; sourceTree = "<group>"; };
		FF42B96C1B4E35AF00535A7B /* main.m */ = {isa = PBXFileReference; lastKnownFileType = sourcecode.c.objc; path = main.m; sourceTree = "<group>"; };
		FF42B96E1B4E35AF00535A7B /* AppDelegate.h */ = {isa = PBXFileReference; lastKnownFileType = sourcecode.c.h; path = AppDelegate.h; sourceTree = "<group>"; };
		FF42B96F1B4E35AF00535A7B /* AppDelegate.m */ = {isa = PBXFileReference; lastKnownFileType = sourcecode.c.objc; path = AppDelegate.m; sourceTree = "<group>"; };
		FF42B9751B4E35AF00535A7B /* Base */ = {isa = PBXFileReference; lastKnownFileType = file.storyboard; name = Base; path = Base.lproj/Main.storyboard; sourceTree = "<group>"; };
		FF42B9771B4E35AF00535A7B /* Images.xcassets */ = {isa = PBXFileReference; lastKnownFileType = folder.assetcatalog; path = Images.xcassets; sourceTree = "<group>"; };
		FF42B97A1B4E35AF00535A7B /* Base */ = {isa = PBXFileReference; lastKnownFileType = file.xib; name = Base; path = Base.lproj/LaunchScreen.xib; sourceTree = "<group>"; };
		FF42B9801B4E35AF00535A7B /* WaveAmpTests.xctest */ = {isa = PBXFileReference; explicitFileType = wrapper.cfbundle; includeInIndex = 0; path = WaveAmpTests.xctest; sourceTree = BUILT_PRODUCTS_DIR; };
		FF42B9851B4E35AF00535A7B /* Info.plist */ = {isa = PBXFileReference; lastKnownFileType = text.plist.xml; path = Info.plist; sourceTree = "<group>"; };
		FF481DC41B5BB27900AF588B /* AudiogramView.h */ = {isa = PBXFileReference; fileEncoding = 4; lastKnownFileType = sourcecode.c.h; path = AudiogramView.h; sourceTree = "<group>"; };
		FF481DC51B5BB27900AF588B /* AudiogramView.m */ = {isa = PBXFileReference; fileEncoding = 4; lastKnownFileType = sourcecode.c.objc; path = AudiogramView.m; sourceTree = "<group>"; };
		FF481DC71B5BB42C00AF588B /* LeftEar.png */ = {isa = PBXFileReference; lastKnownFileType = image.png; path = LeftEar.png; sourceTree = "<group>"; };
		FF481DC81B5BB42C00AF588B /* RightEar.png */ = {isa = PBXFileReference; lastKnownFileType = image.png; path = RightEar.png; sourceTree = "<group>"; };
		FF481DCB1B5BB91300AF588B /* AudiogramMarkerView.h */ = {isa = PBXFileReference; fileEncoding = 4; lastKnownFileType = sourcecode.c.h; path = AudiogramMarkerView.h; sourceTree = "<group>"; };
		FF481DCC1B5BB91300AF588B /* AudiogramMarkerView.m */ = {isa = PBXFileReference; fileEncoding = 4; lastKnownFileType = sourcecode.c.objc; path = AudiogramMarkerView.m; sourceTree = "<group>"; };
		FF69D6681B624C13000BD808 /* DSPHelpers.h */ = {isa = PBXFileReference; fileEncoding = 4; lastKnownFileType = sourcecode.c.h; path = DSPHelpers.h; sourceTree = "<group>"; };
		FF69D6691B624C13000BD808 /* DSPHelpers.m */ = {isa = PBXFileReference; fileEncoding = 4; lastKnownFileType = sourcecode.c.objc; path = DSPHelpers.m; sourceTree = "<group>"; };
		FF69D66B1B636376000BD808 /* AudioPlot.h */ = {isa = PBXFileReference; fileEncoding = 4; lastKnownFileType = sourcecode.c.h; path = AudioPlot.h; sourceTree = "<group>"; };
		FF69D66C1B636376000BD808 /* AudioPlot.m */ = {isa = PBXFileReference; fileEncoding = 4; lastKnownFileType = sourcecode.c.objc; path = AudioPlot.m; sourceTree = "<group>"; };
		FF76043E1B53BEDE0024930C /* HearingWave.png */ = {isa = PBXFileReference; lastKnownFileType = image.png; path = HearingWave.png; sourceTree = "<group>"; };
		FF7604411B53C6D20024930C /* UIView+PopAnimations.h */ = {isa = PBXFileReference; fileEncoding = 4; lastKnownFileType = sourcecode.c.h; path = "UIView+PopAnimations.h"; sourceTree = "<group>"; };
		FF7604421B53C6D20024930C /* UIView+PopAnimations.m */ = {isa = PBXFileReference; fileEncoding = 4; lastKnownFileType = sourcecode.c.objc; path = "UIView+PopAnimations.m"; sourceTree = "<group>"; };
		FF7DD90B1B63ACBE008006DD /* ToneEqualizer.h */ = {isa = PBXFileReference; fileEncoding = 4; lastKnownFileType = sourcecode.c.h; path = ToneEqualizer.h; sourceTree = "<group>"; };
		FF7DD90C1B63ACBE008006DD /* ToneEqualizer.m */ = {isa = PBXFileReference; fileEncoding = 4; lastKnownFileType = sourcecode.c.objc; path = ToneEqualizer.m; sourceTree = "<group>"; };
		FF7DD90E1B63ACD7008006DD /* SoundModifier.h */ = {isa = PBXFileReference; fileEncoding = 4; lastKnownFileType = sourcecode.c.h; path = SoundModifier.h; sourceTree = "<group>"; };
		FF7DD90F1B63ACD7008006DD /* SoundModifier.m */ = {isa = PBXFileReference; fileEncoding = 4; lastKnownFileType = sourcecode.c.objc; path = SoundModifier.m; sourceTree = "<group>"; };
		FF7DD9111B63ADCB008006DD /* SoundModifiersFactory.h */ = {isa = PBXFileReference; fileEncoding = 4; lastKnownFileType = sourcecode.c.h; path = SoundModifiersFactory.h; sourceTree = "<group>"; };
		FF7DD9121B63ADCB008006DD /* SoundModifiersFactory.m */ = {isa = PBXFileReference; fileEncoding = 4; lastKnownFileType = sourcecode.c.objc; path = SoundModifiersFactory.m; sourceTree = "<group>"; };
		FF7DD9141B63B549008006DD /* HearingLossSimulator.h */ = {isa = PBXFileReference; fileEncoding = 4; lastKnownFileType = sourcecode.c.h; path = HearingLossSimulator.h; sourceTree = "<group>"; };
		FF7DD9151B63B549008006DD /* HearingLossSimulator.m */ = {isa = PBXFileReference; fileEncoding = 4; lastKnownFileType = sourcecode.c.objc; path = HearingLossSimulator.m; sourceTree = "<group>"; };
		FF7DD9171B63BDE8008006DD /* ToneEqualizer_protected.h */ = {isa = PBXFileReference; lastKnownFileType = sourcecode.c.h; path = ToneEqualizer_protected.h; sourceTree = "<group>"; };
		FF84486D1B7F19EA00A06D6B /* TestCircle.png */ = {isa = PBXFileReference; lastKnownFileType = image.png; path = TestCircle.png; sourceTree = "<group>"; };
		FF8448701B7F1BBE00A06D6B /* OpenSans-Regular.ttf */ = {isa = PBXFileReference; lastKnownFileType = file; path = "OpenSans-Regular.ttf"; sourceTree = "<group>"; };
		FF8448711B7F1BD400A06D6B /* OpenSans-Light.ttf */ = {isa = PBXFileReference; lastKnownFileType = file; path = "OpenSans-Light.ttf"; sourceTree = "<group>"; };
		FF8448721B7F1C1300A06D6B /* OpenSans-Semibold.ttf */ = {isa = PBXFileReference; lastKnownFileType = file; path = "OpenSans-Semibold.ttf"; sourceTree = "<group>"; };
		FF8448761B7F27AF00A06D6B /* CloseIcon.png */ = {isa = PBXFileReference; lastKnownFileType = image.png; path = CloseIcon.png; sourceTree = "<group>"; };
		FF8448781B7F28C400A06D6B /* RoundedButton.h */ = {isa = PBXFileReference; fileEncoding = 4; lastKnownFileType = sourcecode.c.h; path = RoundedButton.h; sourceTree = "<group>"; };
		FF8448791B7F28C400A06D6B /* RoundedButton.m */ = {isa = PBXFileReference; fileEncoding = 4; lastKnownFileType = sourcecode.c.objc; path = RoundedButton.m; sourceTree = "<group>"; };
		FF8448891B7FA42400A06D6B /* LeftArrow.png */ = {isa = PBXFileReference; lastKnownFileType = image.png; path = LeftArrow.png; sourceTree = "<group>"; };
		FF84488A1B7FA42400A06D6B /* RightArrow.png */ = {isa = PBXFileReference; lastKnownFileType = image.png; path = RightArrow.png; sourceTree = "<group>"; };
		FF8448911B809F5D00A06D6B /* BaseButton.h */ = {isa = PBXFileReference; fileEncoding = 4; lastKnownFileType = sourcecode.c.h; path = BaseButton.h; sourceTree = "<group>"; };
		FF8448921B809F5D00A06D6B /* BaseButton.m */ = {isa = PBXFileReference; fileEncoding = 4; lastKnownFileType = sourcecode.c.objc; path = BaseButton.m; sourceTree = "<group>"; };
		FF8448931B809F5D00A06D6B /* BaseLabel.h */ = {isa = PBXFileReference; fileEncoding = 4; lastKnownFileType = sourcecode.c.h; path = BaseLabel.h; sourceTree = "<group>"; };
		FF8448941B809F5D00A06D6B /* BaseLabel.m */ = {isa = PBXFileReference; fileEncoding = 4; lastKnownFileType = sourcecode.c.objc; path = BaseLabel.m; sourceTree = "<group>"; };
		FF8448951B809F5D00A06D6B /* BaseTextView.h */ = {isa = PBXFileReference; fileEncoding = 4; lastKnownFileType = sourcecode.c.h; path = BaseTextView.h; sourceTree = "<group>"; };
		FF8448961B809F5D00A06D6B /* BaseTextView.m */ = {isa = PBXFileReference; fileEncoding = 4; lastKnownFileType = sourcecode.c.objc; path = BaseTextView.m; sourceTree = "<group>"; };
		FF84489A1B80A69300A06D6B /* ViewConstants.h */ = {isa = PBXFileReference; fileEncoding = 4; lastKnownFileType = sourcecode.c.h; path = ViewConstants.h; sourceTree = "<group>"; };
		FF84489B1B80A69300A06D6B /* ViewConstants.mm */ = {isa = PBXFileReference; fileEncoding = 4; lastKnownFileType = sourcecode.cpp.objcpp; path = ViewConstants.mm; sourceTree = "<group>"; };
		FF86FF611B60B18500C3E093 /* AudioPlayer.h */ = {isa = PBXFileReference; fileEncoding = 4; lastKnownFileType = sourcecode.c.h; path = AudioPlayer.h; sourceTree = "<group>"; };
		FF86FF621B60B18500C3E093 /* AudioPlayer.m */ = {isa = PBXFileReference; fileEncoding = 4; lastKnownFileType = sourcecode.c.objc; path = AudioPlayer.m; sourceTree = "<group>"; };
		FF86FF641B60B36000C3E093 /* AudioPlayer_protected.h */ = {isa = PBXFileReference; fileEncoding = 4; lastKnownFileType = sourcecode.c.h; path = AudioPlayer_protected.h; sourceTree = "<group>"; };
		FF86FF651B60B3F100C3E093 /* PureTonePlayer.h */ = {isa = PBXFileReference; fileEncoding = 4; lastKnownFileType = sourcecode.c.h; path = PureTonePlayer.h; sourceTree = "<group>"; };
		FF86FF661B60B3F100C3E093 /* PureTonePlayer.m */ = {isa = PBXFileReference; fileEncoding = 4; lastKnownFileType = sourcecode.c.objc; path = PureTonePlayer.m; sourceTree = "<group>"; };
		FF86FF691B60CE4A00C3E093 /* PureToneAudiometer.h */ = {isa = PBXFileReference; fileEncoding = 4; lastKnownFileType = sourcecode.c.h; path = PureToneAudiometer.h; sourceTree = "<group>"; };
		FF86FF6A1B60CE4A00C3E093 /* PureToneAudiometer.m */ = {isa = PBXFileReference; fileEncoding = 4; lastKnownFileType = sourcecode.c.objc; path = PureToneAudiometer.m; sourceTree = "<group>"; };
		FF86FF6C1B60CE6700C3E093 /* AudiometerProtocols.h */ = {isa = PBXFileReference; fileEncoding = 4; lastKnownFileType = sourcecode.c.h; path = AudiometerProtocols.h; sourceTree = "<group>"; };
		FF86FF6F1B60D75C00C3E093 /* FilePlayer.h */ = {isa = PBXFileReference; fileEncoding = 4; lastKnownFileType = sourcecode.c.h; path = FilePlayer.h; sourceTree = "<group>"; };
		FF86FF701B60D75C00C3E093 /* FilePlayer.mm */ = {isa = PBXFileReference; fileEncoding = 4; lastKnownFileType = sourcecode.cpp.objcpp; path = FilePlayer.mm; sourceTree = "<group>"; };
		FF9DB4E21B53E097006E4D3F /* TestInstructionsViewController.h */ = {isa = PBXFileReference; fileEncoding = 4; lastKnownFileType = sourcecode.c.h; path = TestInstructionsViewController.h; sourceTree = "<group>"; };
		FF9DB4E31B53E097006E4D3F /* TestInstructionsViewController.m */ = {isa = PBXFileReference; fileEncoding = 4; lastKnownFileType = sourcecode.c.objc; path = TestInstructionsViewController.m; sourceTree = "<group>"; };
		FF9DB4E51B53EE36006E4D3F /* Headphones.png */ = {isa = PBXFileReference; lastKnownFileType = image.png; path = Headphones.png; sourceTree = "<group>"; };
		FF9DB4E71B540192006E4D3F /* CommonAnimations.h */ = {isa = PBXFileReference; fileEncoding = 4; lastKnownFileType = sourcecode.c.h; path = CommonAnimations.h; sourceTree = "<group>"; };
		FF9DB4E81B540192006E4D3F /* CommonAnimations.m */ = {isa = PBXFileReference; fileEncoding = 4; lastKnownFileType = sourcecode.c.objc; path = CommonAnimations.m; sourceTree = "<group>"; };
		FF9DB4EA1B54FA6A006E4D3F /* AudioTypes.h */ = {isa = PBXFileReference; lastKnownFileType = sourcecode.c.h; path = AudioTypes.h; sourceTree = "<group>"; };
		FF9DB4EB1B54FA8E006E4D3F /* AudioTypes.m */ = {isa = PBXFileReference; fileEncoding = 4; lastKnownFileType = sourcecode.c.objc; path = AudioTypes.m; sourceTree = "<group>"; };
		FF9DB5331B56360E006E4D3F /* AdjustedSpeechViewController.h */ = {isa = PBXFileReference; fileEncoding = 4; lastKnownFileType = sourcecode.c.h; path = AdjustedSpeechViewController.h; sourceTree = "<group>"; };
		FF9DB5341B56360E006E4D3F /* AdjustedSpeechViewController.m */ = {isa = PBXFileReference; fileEncoding = 4; lastKnownFileType = sourcecode.c.objc; path = AdjustedSpeechViewController.m; sourceTree = "<group>"; };
		FF9DB5401B56887B006E4D3F /* AudioFiles */ = {isa = PBXFileReference; lastKnownFileType = folder; path = AudioFiles; sourceTree = "<group>"; };
		FF9DB5421B568918006E4D3F /* SoundFile.h */ = {isa = PBXFileReference; fileEncoding = 4; lastKnownFileType = sourcecode.c.h; path = SoundFile.h; sourceTree = "<group>"; };
		FF9DB5431B568918006E4D3F /* SoundFile.m */ = {isa = PBXFileReference; fileEncoding = 4; lastKnownFileType = sourcecode.c.objc; path = SoundFile.m; sourceTree = "<group>"; };
		FF9DB5451B569A95006E4D3F /* Pause.png */ = {isa = PBXFileReference; lastKnownFileType = image.png; path = Pause.png; sourceTree = "<group>"; };
		FF9DB5461B569A95006E4D3F /* Play.png */ = {isa = PBXFileReference; lastKnownFileType = image.png; path = Play.png; sourceTree = "<group>"; };
		FF9DB54C1B569EAA006E4D3F /* BouncyButton.h */ = {isa = PBXFileReference; fileEncoding = 4; lastKnownFileType = sourcecode.c.h; path = BouncyButton.h; sourceTree = "<group>"; };
		FF9DB54D1B569EAA006E4D3F /* BouncyButton.m */ = {isa = PBXFileReference; fileEncoding = 4; lastKnownFileType = sourcecode.c.objc; path = BouncyButton.m; sourceTree = "<group>"; };
		FF9DB54F1B56A02D006E4D3F /* PlaybackButton.h */ = {isa = PBXFileReference; fileEncoding = 4; lastKnownFileType = sourcecode.c.h; path = PlaybackButton.h; sourceTree = "<group>"; };
		FF9DB5501B56A02D006E4D3F /* PlaybackButton.m */ = {isa = PBXFileReference; fileEncoding = 4; lastKnownFileType = sourcecode.c.objc; path = PlaybackButton.m; sourceTree = "<group>"; };
		FFCE73731B52580700F52920 /* PunchCardTests.m */ = {isa = PBXFileReference; fileEncoding = 4; lastKnownFileType = sourcecode.c.objc; path = PunchCardTests.m; sourceTree = "<group>"; };
		FFCE73771B525A5600F52920 /* AmplitudeMultiplierTests.m */ = {isa = PBXFileReference; fileEncoding = 4; lastKnownFileType = sourcecode.c.objc; path = AmplitudeMultiplierTests.m; sourceTree = "<group>"; };
		FFCE73791B525D2C00F52920 /* TestsAppDelegate.h */ = {isa = PBXFileReference; fileEncoding = 4; lastKnownFileType = sourcecode.c.h; path = TestsAppDelegate.h; sourceTree = "<group>"; };
		FFCE737A1B525D2C00F52920 /* TestsAppDelegate.m */ = {isa = PBXFileReference; fileEncoding = 4; lastKnownFileType = sourcecode.c.objc; path = TestsAppDelegate.m; sourceTree = "<group>"; };
		FFCE73811B52AC6E00F52920 /* AudiogramData.h */ = {isa = PBXFileReference; fileEncoding = 4; lastKnownFileType = sourcecode.c.h; path = AudiogramData.h; sourceTree = "<group>"; };
		FFCE73821B52AC6E00F52920 /* AudiogramData.m */ = {isa = PBXFileReference; fileEncoding = 4; lastKnownFileType = sourcecode.c.objc; path = AudiogramData.m; sourceTree = "<group>"; };
		FFCE73841B52BC1400F52920 /* AudiogramDataTests.m */ = {isa = PBXFileReference; fileEncoding = 4; lastKnownFileType = sourcecode.c.objc; path = AudiogramDataTests.m; sourceTree = "<group>"; };
/* End PBXFileReference section */

/* Begin PBXFrameworksBuildPhase section */
		FF42B9641B4E35AF00535A7B /* Frameworks */ = {
			isa = PBXFrameworksBuildPhase;
			buildActionMask = 2147483647;
			files = (
				FF0A482F1B4E38FA0021B149 /* libc++.dylib in Frameworks */,
				0FA6C9961524C40A8B570F2A /* libPods.a in Frameworks */,
			);
			runOnlyForDeploymentPostprocessing = 0;
		};
		FF42B97D1B4E35AF00535A7B /* Frameworks */ = {
			isa = PBXFrameworksBuildPhase;
			buildActionMask = 2147483647;
			files = (
			);
			runOnlyForDeploymentPostprocessing = 0;
		};
/* End PBXFrameworksBuildPhase section */

/* Begin PBXGroup section */
		14EEFCD0369F1A55470A9A07 /* Frameworks */ = {
			isa = PBXGroup;
			children = (
				FF0A482E1B4E38FA0021B149 /* libc++.dylib */,
				D5CC663FCBFA90A9EC45B2CA /* libPods.a */,
			);
			name = Frameworks;
			sourceTree = "<group>";
		};
		C4B08BFABAF9E76B6258F14D /* Pods */ = {
			isa = PBXGroup;
			children = (
				57F6D79C9BC447900DED991A /* Pods.debug.xcconfig */,
				DC9F17805F845646925F68CD /* Pods.release.xcconfig */,
			);
			name = Pods;
			sourceTree = "<group>";
		};
		FF0A48391B4E41B00021B149 /* BusinessLayer */ = {
			isa = PBXGroup;
			children = (
				FF7DD90A1B63ACBE008006DD /* SoundModifiers */,
				FF86FF601B60B15400C3E093 /* AudioPlayer */,
				FF86FF681B60CE4A00C3E093 /* Audiometer */,
				FF0A48401B4FB44E0021B149 /* AmplitudeMultiplier.h */,
				FF0A48411B4FB44E0021B149 /* AmplitudeMultiplier.m */,
				FF0A48431B4FB75B0021B149 /* HearingExamSoundMeter.h */,
				FF0A48441B4FB75B0021B149 /* HearingExamSoundMeter.m */,
				FF9DB4EA1B54FA6A006E4D3F /* AudioTypes.h */,
				FF9DB4EB1B54FA8E006E4D3F /* AudioTypes.m */,
				FF69D6681B624C13000BD808 /* DSPHelpers.h */,
				FF69D6691B624C13000BD808 /* DSPHelpers.m */,
			);
			path = BusinessLayer;
			sourceTree = "<group>";
		};
		FF0A48461B4FEBE00021B149 /* Models */ = {
			isa = PBXGroup;
			children = (
				FF0A48471B4FEC7E0021B149 /* FrequencyThreshold.h */,
				FF0A48481B4FEC7E0021B149 /* FrequencyThreshold.m */,
				FF0A484A1B5031A10021B149 /* ExamPunchCard.h */,
				FF0A484B1B5031A10021B149 /* ExamPunchCard.m */,
				FFCE73811B52AC6E00F52920 /* AudiogramData.h */,
				FFCE73821B52AC6E00F52920 /* AudiogramData.m */,
				FF9DB5421B568918006E4D3F /* SoundFile.h */,
				FF9DB5431B568918006E4D3F /* SoundFile.m */,
			);
			path = Models;
			sourceTree = "<group>";
		};
		FF42B95E1B4E35AF00535A7B = {
			isa = PBXGroup;
			children = (
				FF42B9691B4E35AF00535A7B /* WaveAmp */,
				FF42B9831B4E35AF00535A7B /* WaveAmpTests */,
				FF42B9681B4E35AF00535A7B /* Products */,
				C4B08BFABAF9E76B6258F14D /* Pods */,
				14EEFCD0369F1A55470A9A07 /* Frameworks */,
			);
			sourceTree = "<group>";
		};
		FF42B9681B4E35AF00535A7B /* Products */ = {
			isa = PBXGroup;
			children = (
				FF42B9671B4E35AF00535A7B /* WaveAmp.app */,
				FF42B9801B4E35AF00535A7B /* WaveAmpTests.xctest */,
			);
			name = Products;
			sourceTree = "<group>";
		};
		FF42B9691B4E35AF00535A7B /* WaveAmp */ = {
			isa = PBXGroup;
			children = (
				FF76043C1B53BE100024930C /* Resources */,
				FF7604401B53C6D20024930C /* Animations */,
				FF0A48461B4FEBE00021B149 /* Models */,
				FF0A48391B4E41B00021B149 /* BusinessLayer */,
				FF9DB54B1B569E74006E4D3F /* Views */,
				FF42B9901B4E35D400535A7B /* ViewControllers */,
				FF42B9941B4E35D900535A7B /* Storyboards */,
				FF42B96E1B4E35AF00535A7B /* AppDelegate.h */,
				FF42B96F1B4E35AF00535A7B /* AppDelegate.m */,
				FF42B9771B4E35AF00535A7B /* Images.xcassets */,
				FF42B96A1B4E35AF00535A7B /* Supporting Files */,
			);
			path = WaveAmp;
			sourceTree = "<group>";
		};
		FF42B96A1B4E35AF00535A7B /* Supporting Files */ = {
			isa = PBXGroup;
			children = (
				FF42B96B1B4E35AF00535A7B /* Info.plist */,
				FF42B96C1B4E35AF00535A7B /* main.m */,
			);
			name = "Supporting Files";
			sourceTree = "<group>";
		};
		FF42B9831B4E35AF00535A7B /* WaveAmpTests */ = {
			isa = PBXGroup;
			children = (
				FFCE73771B525A5600F52920 /* AmplitudeMultiplierTests.m */,
				FFCE73731B52580700F52920 /* PunchCardTests.m */,
				FFCE73841B52BC1400F52920 /* AudiogramDataTests.m */,
				FF42B9841B4E35AF00535A7B /* Supporting Files */,
				FFCE73791B525D2C00F52920 /* TestsAppDelegate.h */,
				FFCE737A1B525D2C00F52920 /* TestsAppDelegate.m */,
			);
			path = WaveAmpTests;
			sourceTree = "<group>";
		};
		FF42B9841B4E35AF00535A7B /* Supporting Files */ = {
			isa = PBXGroup;
			children = (
				FF42B9851B4E35AF00535A7B /* Info.plist */,
			);
			name = "Supporting Files";
			sourceTree = "<group>";
		};
		FF42B9901B4E35D400535A7B /* ViewControllers */ = {
			isa = PBXGroup;
			children = (
				FF0A48301B4E3D870021B149 /* TabBarViewController.h */,
				FF0A48311B4E3D870021B149 /* TabBarViewController.m */,
				FF0A48361B4E3F560021B149 /* AbsThresholdViewController.h */,
				FF0A48371B4E3F560021B149 /* AbsThresholdViewController.m */,
				FF0A483D1B4E44A80021B149 /* AudiogramViewController.h */,
				FF0A483E1B4E44A80021B149 /* AudiogramViewController.m */,
				FF9DB4E21B53E097006E4D3F /* TestInstructionsViewController.h */,
				FF9DB4E31B53E097006E4D3F /* TestInstructionsViewController.m */,
				FF9DB5331B56360E006E4D3F /* AdjustedSpeechViewController.h */,
				FF9DB5341B56360E006E4D3F /* AdjustedSpeechViewController.m */,
			);
			path = ViewControllers;
			sourceTree = "<group>";
		};
		FF42B9941B4E35D900535A7B /* Storyboards */ = {
			isa = PBXGroup;
			children = (
				FF42B9741B4E35AF00535A7B /* Main.storyboard */,
				FF42B9791B4E35AF00535A7B /* LaunchScreen.xib */,
			);
			name = Storyboards;
			sourceTree = "<group>";
		};
		FF481DC31B5BB27900AF588B /* Audiogram */ = {
			isa = PBXGroup;
			children = (
				FF481DC41B5BB27900AF588B /* AudiogramView.h */,
				FF481DC51B5BB27900AF588B /* AudiogramView.m */,
				FF481DCB1B5BB91300AF588B /* AudiogramMarkerView.h */,
				FF481DCC1B5BB91300AF588B /* AudiogramMarkerView.m */,
			);
			path = Audiogram;
			sourceTree = "<group>";
		};
		FF76043C1B53BE100024930C /* Resources */ = {
			isa = PBXGroup;
			children = (
				FF84486F1B7F1BA700A06D6B /* Fonts */,
				FF9DB5401B56887B006E4D3F /* AudioFiles */,
				FF76043D1B53BE1D0024930C /* Images */,
			);
			path = Resources;
			sourceTree = "<group>";
		};
		FF76043D1B53BE1D0024930C /* Images */ = {
			isa = PBXGroup;
			children = (
				FF8448891B7FA42400A06D6B /* LeftArrow.png */,
				FF84488A1B7FA42400A06D6B /* RightArrow.png */,
				FF8448761B7F27AF00A06D6B /* CloseIcon.png */,
				FF84486D1B7F19EA00A06D6B /* TestCircle.png */,
				FF2619D01B676AA00069907D /* AdjustedSpeechIcon.png */,
				FF2619D11B676AA00069907D /* AdjustedSpeechIcon@2x.png */,
				FF2619CE1B6768250069907D /* AudiogramIcon@2x.png */,
				FF2619CC1B6767A50069907D /* AudiogramIcon.png */,
				FF2619C71B661B770069907D /* BasicArrowDown.png */,
				FF481DC71B5BB42C00AF588B /* LeftEar.png */,
				FF481DC81B5BB42C00AF588B /* RightEar.png */,
				FF9DB5451B569A95006E4D3F /* Pause.png */,
				FF9DB5461B569A95006E4D3F /* Play.png */,
				FF9DB4E51B53EE36006E4D3F /* Headphones.png */,
				FF76043E1B53BEDE0024930C /* HearingWave.png */,
			);
			path = Images;
			sourceTree = "<group>";
		};
		FF7604401B53C6D20024930C /* Animations */ = {
			isa = PBXGroup;
			children = (
				FF7604411B53C6D20024930C /* UIView+PopAnimations.h */,
				FF7604421B53C6D20024930C /* UIView+PopAnimations.m */,
				FF9DB4E71B540192006E4D3F /* CommonAnimations.h */,
				FF9DB4E81B540192006E4D3F /* CommonAnimations.m */,
			);
			path = Animations;
			sourceTree = "<group>";
		};
		FF7DD90A1B63ACBE008006DD /* SoundModifiers */ = {
			isa = PBXGroup;
			children = (
				FF7DD9111B63ADCB008006DD /* SoundModifiersFactory.h */,
				FF7DD9121B63ADCB008006DD /* SoundModifiersFactory.m */,
				FF7DD90E1B63ACD7008006DD /* SoundModifier.h */,
				FF7DD90F1B63ACD7008006DD /* SoundModifier.m */,
				FF7DD9171B63BDE8008006DD /* ToneEqualizer_protected.h */,
				FF7DD90B1B63ACBE008006DD /* ToneEqualizer.h */,
				FF7DD90C1B63ACBE008006DD /* ToneEqualizer.m */,
				FF7DD9141B63B549008006DD /* HearingLossSimulator.h */,
				FF7DD9151B63B549008006DD /* HearingLossSimulator.m */,
			);
			path = SoundModifiers;
			sourceTree = "<group>";
		};
		FF84486F1B7F1BA700A06D6B /* Fonts */ = {
			isa = PBXGroup;
			children = (
				FF8448711B7F1BD400A06D6B /* OpenSans-Light.ttf */,
				FF8448701B7F1BBE00A06D6B /* OpenSans-Regular.ttf */,
				FF8448721B7F1C1300A06D6B /* OpenSans-Semibold.ttf */,
			);
			path = Fonts;
			sourceTree = "<group>";
		};
		FF8448901B809F5D00A06D6B /* BaseViews */ = {
			isa = PBXGroup;
			children = (
				FF8448911B809F5D00A06D6B /* BaseButton.h */,
				FF8448921B809F5D00A06D6B /* BaseButton.m */,
				FF8448931B809F5D00A06D6B /* BaseLabel.h */,
				FF8448941B809F5D00A06D6B /* BaseLabel.m */,
				FF8448951B809F5D00A06D6B /* BaseTextView.h */,
				FF8448961B809F5D00A06D6B /* BaseTextView.m */,
			);
			path = BaseViews;
			sourceTree = "<group>";
		};
		FF86FF601B60B15400C3E093 /* AudioPlayer */ = {
			isa = PBXGroup;
			children = (
				FF86FF611B60B18500C3E093 /* AudioPlayer.h */,
				FF86FF641B60B36000C3E093 /* AudioPlayer_protected.h */,
				FF86FF621B60B18500C3E093 /* AudioPlayer.m */,
				FF86FF651B60B3F100C3E093 /* PureTonePlayer.h */,
				FF86FF661B60B3F100C3E093 /* PureTonePlayer.m */,
				FF86FF6F1B60D75C00C3E093 /* FilePlayer.h */,
				FF86FF701B60D75C00C3E093 /* FilePlayer.mm */,
			);
			path = AudioPlayer;
			sourceTree = "<group>";
		};
		FF86FF681B60CE4A00C3E093 /* Audiometer */ = {
			isa = PBXGroup;
			children = (
				FF86FF6C1B60CE6700C3E093 /* AudiometerProtocols.h */,
				FF86FF691B60CE4A00C3E093 /* PureToneAudiometer.h */,
				FF86FF6A1B60CE4A00C3E093 /* PureToneAudiometer.m */,
			);
			path = Audiometer;
			sourceTree = "<group>";
		};
		FF9DB54B1B569E74006E4D3F /* Views */ = {
			isa = PBXGroup;
			children = (
				FF8448901B809F5D00A06D6B /* BaseViews */,
				FF481DC31B5BB27900AF588B /* Audiogram */,
				FF84489A1B80A69300A06D6B /* ViewConstants.h */,
				FF84489B1B80A69300A06D6B /* ViewConstants.mm */,
				FF9DB54C1B569EAA006E4D3F /* BouncyButton.h */,
				FF9DB54D1B569EAA006E4D3F /* BouncyButton.m */,
				FF9DB54F1B56A02D006E4D3F /* PlaybackButton.h */,
				FF9DB5501B56A02D006E4D3F /* PlaybackButton.m */,
				FF69D66B1B636376000BD808 /* AudioPlot.h */,
				FF69D66C1B636376000BD808 /* AudioPlot.m */,
				FF2619C91B661FA30069907D /* DrawerButton.h */,
				FF2619CA1B661FA30069907D /* DrawerButton.m */,
				FF8448781B7F28C400A06D6B /* RoundedButton.h */,
				FF8448791B7F28C400A06D6B /* RoundedButton.m */,
			);
			path = Views;
			sourceTree = "<group>";
		};
/* End PBXGroup section */

/* Begin PBXNativeTarget section */
		FF42B9661B4E35AF00535A7B /* WaveAmp */ = {
			isa = PBXNativeTarget;
			buildConfigurationList = FF42B98A1B4E35AF00535A7B /* Build configuration list for PBXNativeTarget "WaveAmp" */;
			buildPhases = (
				F84B9BB3AB7CAFF785494CDE /* Check Pods Manifest.lock */,
				FF42B9631B4E35AF00535A7B /* Sources */,
				FF42B9641B4E35AF00535A7B /* Frameworks */,
				FF42B9651B4E35AF00535A7B /* Resources */,
				6B2F28AD0AF588AEF4713525 /* Copy Pods Resources */,
			);
			buildRules = (
			);
			dependencies = (
			);
			name = WaveAmp;
			productName = WaveAmp;
			productReference = FF42B9671B4E35AF00535A7B /* WaveAmp.app */;
			productType = "com.apple.product-type.application";
		};
		FF42B97F1B4E35AF00535A7B /* WaveAmpTests */ = {
			isa = PBXNativeTarget;
			buildConfigurationList = FF42B98D1B4E35AF00535A7B /* Build configuration list for PBXNativeTarget "WaveAmpTests" */;
			buildPhases = (
				FF42B97C1B4E35AF00535A7B /* Sources */,
				FF42B97D1B4E35AF00535A7B /* Frameworks */,
				FF42B97E1B4E35AF00535A7B /* Resources */,
			);
			buildRules = (
			);
			dependencies = (
				FF42B9821B4E35AF00535A7B /* PBXTargetDependency */,
			);
			name = WaveAmpTests;
			productName = WaveAmpTests;
			productReference = FF42B9801B4E35AF00535A7B /* WaveAmpTests.xctest */;
			productType = "com.apple.product-type.bundle.unit-test";
		};
/* End PBXNativeTarget section */

/* Begin PBXProject section */
		FF42B95F1B4E35AF00535A7B /* Project object */ = {
			isa = PBXProject;
			attributes = {
				LastUpgradeCheck = 0630;
				ORGANIZATIONNAME = GeorgiIvanov;
				TargetAttributes = {
					FF42B9661B4E35AF00535A7B = {
						CreatedOnToolsVersion = 6.3.2;
						SystemCapabilities = {
							com.apple.BackgroundModes = {
								enabled = 1;
							};
						};
					};
					FF42B97F1B4E35AF00535A7B = {
						CreatedOnToolsVersion = 6.3.2;
						TestTargetID = FF42B9661B4E35AF00535A7B;
					};
				};
			};
			buildConfigurationList = FF42B9621B4E35AF00535A7B /* Build configuration list for PBXProject "WaveAmp" */;
			compatibilityVersion = "Xcode 3.2";
			developmentRegion = English;
			hasScannedForEncodings = 0;
			knownRegions = (
				en,
				Base,
			);
			mainGroup = FF42B95E1B4E35AF00535A7B;
			productRefGroup = FF42B9681B4E35AF00535A7B /* Products */;
			projectDirPath = "";
			projectRoot = "";
			targets = (
				FF42B9661B4E35AF00535A7B /* WaveAmp */,
				FF42B97F1B4E35AF00535A7B /* WaveAmpTests */,
			);
		};
/* End PBXProject section */

/* Begin PBXResourcesBuildPhase section */
		FF42B9651B4E35AF00535A7B /* Resources */ = {
			isa = PBXResourcesBuildPhase;
			buildActionMask = 2147483647;
			files = (
				FF8448731B7F220600A06D6B /* OpenSans-Light.ttf in Resources */,
				FF8448741B7F220600A06D6B /* OpenSans-Regular.ttf in Resources */,
				FF8448751B7F220600A06D6B /* OpenSans-Semibold.ttf in Resources */,
				FF84488B1B7FA42400A06D6B /* LeftArrow.png in Resources */,
				FF42B9761B4E35AF00535A7B /* Main.storyboard in Resources */,
				FF2619C81B661B770069907D /* BasicArrowDown.png in Resources */,
				FF84488C1B7FA42400A06D6B /* RightArrow.png in Resources */,
				FF2619CD1B6767A50069907D /* AudiogramIcon.png in Resources */,
				FF84486E1B7F19EA00A06D6B /* TestCircle.png in Resources */,
				FF9DB5481B569A95006E4D3F /* Play.png in Resources */,
				FF9DB4E61B53EE36006E4D3F /* Headphones.png in Resources */,
				FF481DCA1B5BB42C00AF588B /* RightEar.png in Resources */,
				FF2619CF1B6768250069907D /* AudiogramIcon@2x.png in Resources */,
				FF8448771B7F27AF00A06D6B /* CloseIcon.png in Resources */,
				FF42B97B1B4E35AF00535A7B /* LaunchScreen.xib in Resources */,
				FF2619D31B676AA00069907D /* AdjustedSpeechIcon@2x.png in Resources */,
				FF9DB5411B56887B006E4D3F /* AudioFiles in Resources */,
				FF42B9781B4E35AF00535A7B /* Images.xcassets in Resources */,
				FF76043F1B53BEDE0024930C /* HearingWave.png in Resources */,
				FF481DC91B5BB42C00AF588B /* LeftEar.png in Resources */,
				FF2619D21B676AA00069907D /* AdjustedSpeechIcon.png in Resources */,
				FF9DB5471B569A95006E4D3F /* Pause.png in Resources */,
			);
			runOnlyForDeploymentPostprocessing = 0;
		};
		FF42B97E1B4E35AF00535A7B /* Resources */ = {
			isa = PBXResourcesBuildPhase;
			buildActionMask = 2147483647;
			files = (
			);
			runOnlyForDeploymentPostprocessing = 0;
		};
/* End PBXResourcesBuildPhase section */

/* Begin PBXShellScriptBuildPhase section */
		6B2F28AD0AF588AEF4713525 /* Copy Pods Resources */ = {
			isa = PBXShellScriptBuildPhase;
			buildActionMask = 2147483647;
			files = (
			);
			inputPaths = (
			);
			name = "Copy Pods Resources";
			outputPaths = (
			);
			runOnlyForDeploymentPostprocessing = 0;
			shellPath = /bin/sh;
			shellScript = "\"${SRCROOT}/Pods/Target Support Files/Pods/Pods-resources.sh\"\n";
			showEnvVarsInLog = 0;
		};
		F84B9BB3AB7CAFF785494CDE /* Check Pods Manifest.lock */ = {
			isa = PBXShellScriptBuildPhase;
			buildActionMask = 2147483647;
			files = (
			);
			inputPaths = (
			);
			name = "Check Pods Manifest.lock";
			outputPaths = (
			);
			runOnlyForDeploymentPostprocessing = 0;
			shellPath = /bin/sh;
			shellScript = "diff \"${PODS_ROOT}/../Podfile.lock\" \"${PODS_ROOT}/Manifest.lock\" > /dev/null\nif [[ $? != 0 ]] ; then\n    cat << EOM\nerror: The sandbox is not in sync with the Podfile.lock. Run 'pod install' or update your CocoaPods installation.\nEOM\n    exit 1\nfi\n";
			showEnvVarsInLog = 0;
		};
/* End PBXShellScriptBuildPhase section */

/* Begin PBXSourcesBuildPhase section */
		FF42B9631B4E35AF00535A7B /* Sources */ = {
			isa = PBXSourcesBuildPhase;
			buildActionMask = 2147483647;
			files = (
				FF8448991B809F5D00A06D6B /* BaseTextView.m in Sources */,
				FF9DB4E91B540192006E4D3F /* CommonAnimations.m in Sources */,
				FF86FF671B60B3F100C3E093 /* PureTonePlayer.m in Sources */,
				FF7DD90D1B63ACBE008006DD /* ToneEqualizer.m in Sources */,
				FF0A483F1B4E44A80021B149 /* AudiogramViewController.m in Sources */,
				FF7604431B53C6D20024930C /* UIView+PopAnimations.m in Sources */,
				FF84487A1B7F28C400A06D6B /* RoundedButton.m in Sources */,
				FF8448971B809F5D00A06D6B /* BaseButton.m in Sources */,
				FF0A48451B4FB75B0021B149 /* HearingExamSoundMeter.m in Sources */,
				FF0A48321B4E3D870021B149 /* TabBarViewController.m in Sources */,
				FF86FF6B1B60CE4A00C3E093 /* PureToneAudiometer.m in Sources */,
				FF9DB5441B568918006E4D3F /* SoundFile.m in Sources */,
				FF7DD9101B63ACD7008006DD /* SoundModifier.m in Sources */,
				FF2619CB1B661FA30069907D /* DrawerButton.m in Sources */,
				FF86FF631B60B18500C3E093 /* AudioPlayer.m in Sources */,
				FFCE737C1B525D4400F52920 /* TestsAppDelegate.m in Sources */,
				FF0A48421B4FB44E0021B149 /* AmplitudeMultiplier.m in Sources */,
				FF0A484C1B5031A10021B149 /* ExamPunchCard.m in Sources */,
				FF481DC61B5BB27900AF588B /* AudiogramView.m in Sources */,
				FF0A48491B4FEC7E0021B149 /* FrequencyThreshold.m in Sources */,
				FF0A48381B4E3F560021B149 /* AbsThresholdViewController.m in Sources */,
				FF9DB54E1B569EAA006E4D3F /* BouncyButton.m in Sources */,
				FF9DB4E41B53E097006E4D3F /* TestInstructionsViewController.m in Sources */,
				FF7DD9161B63B549008006DD /* HearingLossSimulator.m in Sources */,
				FF69D66A1B624C13000BD808 /* DSPHelpers.m in Sources */,
				FFCE73831B52AC6E00F52920 /* AudiogramData.m in Sources */,
				FF42B9701B4E35AF00535A7B /* AppDelegate.m in Sources */,
				FF9DB4EC1B54FA8E006E4D3F /* AudioTypes.m in Sources */,
				FF8448981B809F5D00A06D6B /* BaseLabel.m in Sources */,
				FF481DCD1B5BB91300AF588B /* AudiogramMarkerView.m in Sources */,
				FF86FF711B60D75C00C3E093 /* FilePlayer.mm in Sources */,
				FF9DB5351B56360E006E4D3F /* AdjustedSpeechViewController.m in Sources */,
				FF42B96D1B4E35AF00535A7B /* main.m in Sources */,
				FF9DB5511B56A02D006E4D3F /* PlaybackButton.m in Sources */,
				FF69D66D1B636376000BD808 /* AudioPlot.m in Sources */,
				FF7DD9131B63ADCB008006DD /* SoundModifiersFactory.m in Sources */,
				FF84489C1B80A69300A06D6B /* ViewConstants.mm in Sources */,
			);
			runOnlyForDeploymentPostprocessing = 0;
		};
		FF42B97C1B4E35AF00535A7B /* Sources */ = {
			isa = PBXSourcesBuildPhase;
			buildActionMask = 2147483647;
			files = (
				FFCE73741B52580700F52920 /* PunchCardTests.m in Sources */,
				FFCE73801B525E3800F52920 /* AmplitudeMultiplier.m in Sources */,
				FFCE73861B52BC1B00F52920 /* AudiogramData.m in Sources */,
				FFCE737F1B525E3200F52920 /* ExamPunchCard.m in Sources */,
				FFCE73781B525A5600F52920 /* AmplitudeMultiplierTests.m in Sources */,
				FFCE737B1B525D2C00F52920 /* TestsAppDelegate.m in Sources */,
				FFCE73851B52BC1400F52920 /* AudiogramDataTests.m in Sources */,
			);
			runOnlyForDeploymentPostprocessing = 0;
		};
/* End PBXSourcesBuildPhase section */

/* Begin PBXTargetDependency section */
		FF42B9821B4E35AF00535A7B /* PBXTargetDependency */ = {
			isa = PBXTargetDependency;
			target = FF42B9661B4E35AF00535A7B /* WaveAmp */;
			targetProxy = FF42B9811B4E35AF00535A7B /* PBXContainerItemProxy */;
		};
/* End PBXTargetDependency section */

/* Begin PBXVariantGroup section */
		FF42B9741B4E35AF00535A7B /* Main.storyboard */ = {
			isa = PBXVariantGroup;
			children = (
				FF42B9751B4E35AF00535A7B /* Base */,
			);
			name = Main.storyboard;
			sourceTree = "<group>";
		};
		FF42B9791B4E35AF00535A7B /* LaunchScreen.xib */ = {
			isa = PBXVariantGroup;
			children = (
				FF42B97A1B4E35AF00535A7B /* Base */,
			);
			name = LaunchScreen.xib;
			sourceTree = "<group>";
		};
/* End PBXVariantGroup section */

/* Begin XCBuildConfiguration section */
		FF42B9881B4E35AF00535A7B /* Debug */ = {
			isa = XCBuildConfiguration;
			buildSettings = {
				ALWAYS_SEARCH_USER_PATHS = NO;
				CLANG_CXX_LANGUAGE_STANDARD = "gnu++0x";
				CLANG_CXX_LIBRARY = "libc++";
				CLANG_ENABLE_MODULES = YES;
				CLANG_ENABLE_OBJC_ARC = YES;
				CLANG_WARN_BOOL_CONVERSION = YES;
				CLANG_WARN_CONSTANT_CONVERSION = YES;
				CLANG_WARN_DIRECT_OBJC_ISA_USAGE = YES_ERROR;
				CLANG_WARN_EMPTY_BODY = YES;
				CLANG_WARN_ENUM_CONVERSION = YES;
				CLANG_WARN_INT_CONVERSION = YES;
				CLANG_WARN_OBJC_ROOT_CLASS = YES_ERROR;
				CLANG_WARN_UNREACHABLE_CODE = YES;
				CLANG_WARN__DUPLICATE_METHOD_MATCH = YES;
				"CODE_SIGN_IDENTITY[sdk=iphoneos*]" = "iPhone Developer";
				COPY_PHASE_STRIP = NO;
				DEBUG_INFORMATION_FORMAT = "dwarf-with-dsym";
				ENABLE_STRICT_OBJC_MSGSEND = YES;
				GCC_C_LANGUAGE_STANDARD = gnu99;
				GCC_DYNAMIC_NO_PIC = NO;
				GCC_NO_COMMON_BLOCKS = YES;
				GCC_OPTIMIZATION_LEVEL = 0;
				GCC_PREPROCESSOR_DEFINITIONS = (
					"DEBUG=1",
					"$(inherited)",
				);
				GCC_SYMBOLS_PRIVATE_EXTERN = NO;
				GCC_WARN_64_TO_32_BIT_CONVERSION = YES;
				GCC_WARN_ABOUT_RETURN_TYPE = YES_ERROR;
				GCC_WARN_UNDECLARED_SELECTOR = YES;
				GCC_WARN_UNINITIALIZED_AUTOS = YES_AGGRESSIVE;
				GCC_WARN_UNUSED_FUNCTION = YES;
				GCC_WARN_UNUSED_VARIABLE = YES;
				IPHONEOS_DEPLOYMENT_TARGET = 8.3;
				MTL_ENABLE_DEBUG_INFO = YES;
				ONLY_ACTIVE_ARCH = YES;
				SDKROOT = iphoneos;
				TARGETED_DEVICE_FAMILY = "1,2";
			};
			name = Debug;
		};
		FF42B9891B4E35AF00535A7B /* Release */ = {
			isa = XCBuildConfiguration;
			buildSettings = {
				ALWAYS_SEARCH_USER_PATHS = NO;
				CLANG_CXX_LANGUAGE_STANDARD = "gnu++0x";
				CLANG_CXX_LIBRARY = "libc++";
				CLANG_ENABLE_MODULES = YES;
				CLANG_ENABLE_OBJC_ARC = YES;
				CLANG_WARN_BOOL_CONVERSION = YES;
				CLANG_WARN_CONSTANT_CONVERSION = YES;
				CLANG_WARN_DIRECT_OBJC_ISA_USAGE = YES_ERROR;
				CLANG_WARN_EMPTY_BODY = YES;
				CLANG_WARN_ENUM_CONVERSION = YES;
				CLANG_WARN_INT_CONVERSION = YES;
				CLANG_WARN_OBJC_ROOT_CLASS = YES_ERROR;
				CLANG_WARN_UNREACHABLE_CODE = YES;
				CLANG_WARN__DUPLICATE_METHOD_MATCH = YES;
				"CODE_SIGN_IDENTITY[sdk=iphoneos*]" = "iPhone Developer";
				COPY_PHASE_STRIP = NO;
				DEBUG_INFORMATION_FORMAT = "dwarf-with-dsym";
				ENABLE_NS_ASSERTIONS = NO;
				ENABLE_STRICT_OBJC_MSGSEND = YES;
				GCC_C_LANGUAGE_STANDARD = gnu99;
				GCC_NO_COMMON_BLOCKS = YES;
				GCC_WARN_64_TO_32_BIT_CONVERSION = YES;
				GCC_WARN_ABOUT_RETURN_TYPE = YES_ERROR;
				GCC_WARN_UNDECLARED_SELECTOR = YES;
				GCC_WARN_UNINITIALIZED_AUTOS = YES_AGGRESSIVE;
				GCC_WARN_UNUSED_FUNCTION = YES;
				GCC_WARN_UNUSED_VARIABLE = YES;
				IPHONEOS_DEPLOYMENT_TARGET = 8.3;
				MTL_ENABLE_DEBUG_INFO = NO;
				SDKROOT = iphoneos;
				TARGETED_DEVICE_FAMILY = "1,2";
				VALIDATE_PRODUCT = YES;
			};
			name = Release;
		};
		FF42B98B1B4E35AF00535A7B /* Debug */ = {
			isa = XCBuildConfiguration;
			baseConfigurationReference = 57F6D79C9BC447900DED991A /* Pods.debug.xcconfig */;
			buildSettings = {
				ASSETCATALOG_COMPILER_APPICON_NAME = AppIcon;
				INFOPLIST_FILE = WaveAmp/Info.plist;
				IPHONEOS_DEPLOYMENT_TARGET = 8.0;
				LD_RUNPATH_SEARCH_PATHS = "$(inherited) @executable_path/Frameworks";
				PRODUCT_NAME = "$(TARGET_NAME)";
			};
			name = Debug;
		};
		FF42B98C1B4E35AF00535A7B /* Release */ = {
			isa = XCBuildConfiguration;
			baseConfigurationReference = DC9F17805F845646925F68CD /* Pods.release.xcconfig */;
			buildSettings = {
				ASSETCATALOG_COMPILER_APPICON_NAME = AppIcon;
				INFOPLIST_FILE = WaveAmp/Info.plist;
				IPHONEOS_DEPLOYMENT_TARGET = 8.0;
				LD_RUNPATH_SEARCH_PATHS = "$(inherited) @executable_path/Frameworks";
				PRODUCT_NAME = "$(TARGET_NAME)";
			};
			name = Release;
		};
		FF42B98E1B4E35AF00535A7B /* Debug */ = {
			isa = XCBuildConfiguration;
			buildSettings = {
				BUNDLE_LOADER = "$(TEST_HOST)";
				FRAMEWORK_SEARCH_PATHS = (
					"$(SDKROOT)/Developer/Library/Frameworks",
					"$(inherited)",
				);
				GCC_PREPROCESSOR_DEFINITIONS = (
					"DEBUG=1",
					"$(inherited)",
				);
				INFOPLIST_FILE = WaveAmpTests/Info.plist;
				LD_RUNPATH_SEARCH_PATHS = "$(inherited) @executable_path/Frameworks @loader_path/Frameworks";
				PRODUCT_NAME = "$(TARGET_NAME)";
				TEST_HOST = "$(BUILT_PRODUCTS_DIR)/WaveAmp.app/WaveAmp";
			};
			name = Debug;
		};
		FF42B98F1B4E35AF00535A7B /* Release */ = {
			isa = XCBuildConfiguration;
			buildSettings = {
				BUNDLE_LOADER = "$(TEST_HOST)";
				FRAMEWORK_SEARCH_PATHS = (
					"$(SDKROOT)/Developer/Library/Frameworks",
					"$(inherited)",
				);
				INFOPLIST_FILE = WaveAmpTests/Info.plist;
				LD_RUNPATH_SEARCH_PATHS = "$(inherited) @executable_path/Frameworks @loader_path/Frameworks";
				PRODUCT_NAME = "$(TARGET_NAME)";
				TEST_HOST = "$(BUILT_PRODUCTS_DIR)/WaveAmp.app/WaveAmp";
			};
			name = Release;
		};
/* End XCBuildConfiguration section */

/* Begin XCConfigurationList section */
		FF42B9621B4E35AF00535A7B /* Build configuration list for PBXProject "WaveAmp" */ = {
			isa = XCConfigurationList;
			buildConfigurations = (
				FF42B9881B4E35AF00535A7B /* Debug */,
				FF42B9891B4E35AF00535A7B /* Release */,
			);
			defaultConfigurationIsVisible = 0;
			defaultConfigurationName = Release;
		};
		FF42B98A1B4E35AF00535A7B /* Build configuration list for PBXNativeTarget "WaveAmp" */ = {
			isa = XCConfigurationList;
			buildConfigurations = (
				FF42B98B1B4E35AF00535A7B /* Debug */,
				FF42B98C1B4E35AF00535A7B /* Release */,
			);
			defaultConfigurationIsVisible = 0;
			defaultConfigurationName = Release;
		};
		FF42B98D1B4E35AF00535A7B /* Build configuration list for PBXNativeTarget "WaveAmpTests" */ = {
			isa = XCConfigurationList;
			buildConfigurations = (
				FF42B98E1B4E35AF00535A7B /* Debug */,
				FF42B98F1B4E35AF00535A7B /* Release */,
			);
			defaultConfigurationIsVisible = 0;
			defaultConfigurationName = Release;
		};
/* End XCConfigurationList section */
	};
	rootObject = FF42B95F1B4E35AF00535A7B /* Project object */;
}
